
Microsoft Visual Studio Solution File, Format Version 12.00
# Visual Studio Version 17
VisualStudioVersion = 17.3.32929.385
MinimumVisualStudioVersion = 10.0.40219.1
Project("{FAE04EC0-301F-11D3-BF4B-00C04F79EFBC}") = "ProcessMonitorConfigTool", "ProcessMonitorConfigTool\ProcessMonitorConfigTool.csproj", "{1AF9F3B5-40CC-4EC0-8B13-E2AEFFC07C0E}"
EndProject
Global
	GlobalSection(SolutionConfigurationPlatforms) = preSolution
		Debug|Any CPU = Debug|Any CPU
		Debug|x64 = Debug|x64
		Release|Any CPU = Release|Any CPU
		Release|x64 = Release|x64
	EndGlobalSection
	GlobalSection(ProjectConfigurationPlatforms) = postSolution
		{1AF9F3B5-40CC-4EC0-8B13-E2AEFFC07C0E}.Debug|Any CPU.ActiveCfg = Debug|Any CPU
		{1AF9F3B5-40CC-4EC0-8B13-E2AEFFC07C0E}.Debug|Any CPU.Build.0 = Debug|Any CPU
		{1AF9F3B5-40CC-4EC0-8B13-E2AEFFC07C0E}.Debug|x64.ActiveCfg = Debug|x64
		{1AF9F3B5-40CC-4EC0-8B13-E2AEFFC07C0E}.Debug|x64.Build.0 = Debug|x64
		{1AF9F3B5-40CC-4EC0-8B13-E2AEFFC07C0E}.Release|Any CPU.ActiveCfg = Release|Any CPU
		{1AF9F3B5-40CC-4EC0-8B13-E2AEFFC07C0E}.Release|Any CPU.Build.0 = Release|Any CPU
		{1AF9F3B5-40CC-4EC0-8B13-E2AEFFC07C0E}.Release|x64.ActiveCfg = Release|x64
		{1AF9F3B5-40CC-4EC0-8B13-E2AEFFC07C0E}.Release|x64.Build.0 = Release|x64
	EndGlobalSection
	GlobalSection(SolutionProperties) = preSolution
		HideSolutionNode = FALSE
	EndGlobalSection
	GlobalSection(ExtensibilityGlobals) = postSolution
		SolutionGuid = {4F946B50-C54D-4A38-A20F-628C6683C4F1}
	EndGlobalSection
EndGlobal
